// !$*UTF8*$!
{
	archiveVersion = 1;
	classes = {
	};
	objectVersion = 50;
	objects = {

/* Begin PBXBuildFile section */
		4949C0AE254489EA006E53AF /* main.cpp in Sources */ = {isa = PBXBuildFile; fileRef = 4949C0AD254489EA006E53AF /* main.cpp */; };
		4949C0BC25448A30006E53AF /* main.cpp in Sources */ = {isa = PBXBuildFile; fileRef = 4949C0BB25448A30006E53AF /* main.cpp */; };
		4949C0DA2550A59C006E53AF /* main.cpp in Sources */ = {isa = PBXBuildFile; fileRef = 4949C0D92550A59C006E53AF /* main.cpp */; };
		4949C0E92550A629006E53AF /* main.cpp in Sources */ = {isa = PBXBuildFile; fileRef = 4949C0E82550A629006E53AF /* main.cpp */; };
		4949C0FD2550A641006E53AF /* main.cpp in Sources */ = {isa = PBXBuildFile; fileRef = 4949C0FC2550A641006E53AF /* main.cpp */; };
/* End PBXBuildFile section */

/* Begin PBXCopyFilesBuildPhase section */
		4949C0A8254489E9006E53AF /* CopyFiles */ = {
			isa = PBXCopyFilesBuildPhase;
			buildActionMask = 2147483647;
			dstPath = /usr/share/man/man1/;
			dstSubfolderSpec = 0;
			files = (
			);
			runOnlyForDeploymentPostprocessing = 1;
		};
		4949C0B725448A30006E53AF /* CopyFiles */ = {
			isa = PBXCopyFilesBuildPhase;
			buildActionMask = 2147483647;
			dstPath = /usr/share/man/man1/;
			dstSubfolderSpec = 0;
			files = (
			);
			runOnlyForDeploymentPostprocessing = 1;
		};
		4949C0D52550A59C006E53AF /* CopyFiles */ = {
			isa = PBXCopyFilesBuildPhase;
			buildActionMask = 2147483647;
			dstPath = /usr/share/man/man1/;
			dstSubfolderSpec = 0;
			files = (
			);
			runOnlyForDeploymentPostprocessing = 1;
		};
		4949C0E42550A629006E53AF /* CopyFiles */ = {
			isa = PBXCopyFilesBuildPhase;
			buildActionMask = 2147483647;
			dstPath = /usr/share/man/man1/;
			dstSubfolderSpec = 0;
			files = (
			);
			runOnlyForDeploymentPostprocessing = 1;
		};
		4949C0F82550A641006E53AF /* CopyFiles */ = {
			isa = PBXCopyFilesBuildPhase;
			buildActionMask = 2147483647;
			dstPath = /usr/share/man/man1/;
			dstSubfolderSpec = 0;
			files = (
			);
			runOnlyForDeploymentPostprocessing = 1;
		};
/* End PBXCopyFilesBuildPhase section */

/* Begin PBXFileReference section */
		4949C0AA254489EA006E53AF /* cppSolutions */ = {isa = PBXFileReference; explicitFileType = "compiled.mach-o.executable"; includeInIndex = 0; path = cppSolutions; sourceTree = BUILT_PRODUCTS_DIR; };
		4949C0AD254489EA006E53AF /* main.cpp */ = {isa = PBXFileReference; lastKnownFileType = sourcecode.cpp.cpp; path = main.cpp; sourceTree = "<group>"; };
		4949C0B925448A30006E53AF /* c3 */ = {isa = PBXFileReference; explicitFileType = "compiled.mach-o.executable"; includeInIndex = 0; path = c3; sourceTree = BUILT_PRODUCTS_DIR; };
		4949C0BB25448A30006E53AF /* main.cpp */ = {isa = PBXFileReference; lastKnownFileType = sourcecode.cpp.cpp; path = main.cpp; sourceTree = "<group>"; };
		4949C0D72550A59C006E53AF /* c5 */ = {isa = PBXFileReference; explicitFileType = "compiled.mach-o.executable"; includeInIndex = 0; path = c5; sourceTree = BUILT_PRODUCTS_DIR; };
		4949C0D92550A59C006E53AF /* main.cpp */ = {isa = PBXFileReference; lastKnownFileType = sourcecode.cpp.cpp; path = main.cpp; sourceTree = "<group>"; };
		4949C0E62550A629006E53AF /* c6 */ = {isa = PBXFileReference; explicitFileType = "compiled.mach-o.executable"; includeInIndex = 0; path = c6; sourceTree = BUILT_PRODUCTS_DIR; };
		4949C0E82550A629006E53AF /* main.cpp */ = {isa = PBXFileReference; lastKnownFileType = sourcecode.cpp.cpp; path = main.cpp; sourceTree = "<group>"; };
		4949C0FA2550A641006E53AF /* c4 */ = {isa = PBXFileReference; explicitFileType = "compiled.mach-o.executable"; includeInIndex = 0; path = c4; sourceTree = BUILT_PRODUCTS_DIR; };
		4949C0FC2550A641006E53AF /* main.cpp */ = {isa = PBXFileReference; lastKnownFileType = sourcecode.cpp.cpp; path = main.cpp; sourceTree = "<group>"; };
/* End PBXFileReference section */

/* Begin PBXFrameworksBuildPhase section */
		4949C0A7254489E9006E53AF /* Frameworks */ = {
			isa = PBXFrameworksBuildPhase;
			buildActionMask = 2147483647;
			files = (
			);
			runOnlyForDeploymentPostprocessing = 0;
		};
		4949C0B625448A30006E53AF /* Frameworks */ = {
			isa = PBXFrameworksBuildPhase;
			buildActionMask = 2147483647;
			files = (
			);
			runOnlyForDeploymentPostprocessing = 0;
		};
		4949C0D42550A59C006E53AF /* Frameworks */ = {
			isa = PBXFrameworksBuildPhase;
			buildActionMask = 2147483647;
			files = (
			);
			runOnlyForDeploymentPostprocessing = 0;
		};
		4949C0E32550A629006E53AF /* Frameworks */ = {
			isa = PBXFrameworksBuildPhase;
			buildActionMask = 2147483647;
			files = (
			);
			runOnlyForDeploymentPostprocessing = 0;
		};
		4949C0F72550A641006E53AF /* Frameworks */ = {
			isa = PBXFrameworksBuildPhase;
			buildActionMask = 2147483647;
			files = (
			);
			runOnlyForDeploymentPostprocessing = 0;
		};
/* End PBXFrameworksBuildPhase section */

/* Begin PBXGroup section */
		4949C0A1254489E9006E53AF = {
			isa = PBXGroup;
			children = (
				4949C0AC254489EA006E53AF /* cppSolutions */,
				4949C0BA25448A30006E53AF /* c3 */,
				4949C0D82550A59C006E53AF /* c5 */,
				4949C0E72550A629006E53AF /* c6 */,
				4949C0FB2550A641006E53AF /* c4 */,
				4949C0AB254489EA006E53AF /* Products */,
			);
			sourceTree = "<group>";
		};
		4949C0AB254489EA006E53AF /* Products */ = {
			isa = PBXGroup;
			children = (
				4949C0AA254489EA006E53AF /* cppSolutions */,
				4949C0B925448A30006E53AF /* c3 */,
				4949C0D72550A59C006E53AF /* c5 */,
				4949C0E62550A629006E53AF /* c6 */,
				4949C0FA2550A641006E53AF /* c4 */,
			);
			name = Products;
			sourceTree = "<group>";
		};
		4949C0AC254489EA006E53AF /* cppSolutions */ = {
			isa = PBXGroup;
			children = (
				4949C0AD254489EA006E53AF /* main.cpp */,
			);
			path = cppSolutions;
			sourceTree = "<group>";
		};
		4949C0BA25448A30006E53AF /* c3 */ = {
			isa = PBXGroup;
			children = (
				4949C0BB25448A30006E53AF /* main.cpp */,
			);
			path = c3;
			sourceTree = "<group>";
		};
		4949C0D82550A59C006E53AF /* c5 */ = {
			isa = PBXGroup;
			children = (
				4949C0D92550A59C006E53AF /* main.cpp */,
			);
			path = c5;
			sourceTree = "<group>";
		};
		4949C0E72550A629006E53AF /* c6 */ = {
			isa = PBXGroup;
			children = (
				4949C0E82550A629006E53AF /* main.cpp */,
			);
			path = c6;
			sourceTree = "<group>";
		};
		4949C0FB2550A641006E53AF /* c4 */ = {
			isa = PBXGroup;
			children = (
				4949C0FC2550A641006E53AF /* main.cpp */,
			);
			path = c4;
			sourceTree = "<group>";
		};
/* End PBXGroup section */

/* Begin PBXNativeTarget section */
		4949C0A9254489E9006E53AF /* cppSolutions */ = {
			isa = PBXNativeTarget;
			buildConfigurationList = 4949C0B1254489EA006E53AF /* Build configuration list for PBXNativeTarget "cppSolutions" */;
			buildPhases = (
				4949C0A6254489E9006E53AF /* Sources */,
				4949C0A7254489E9006E53AF /* Frameworks */,
				4949C0A8254489E9006E53AF /* CopyFiles */,
			);
			buildRules = (
			);
			dependencies = (
			);
			name = cppSolutions;
			productName = cppSolutions;
			productReference = 4949C0AA254489EA006E53AF /* cppSolutions */;
			productType = "com.apple.product-type.tool";
		};
		4949C0B825448A30006E53AF /* c3 */ = {
			isa = PBXNativeTarget;
			buildConfigurationList = 4949C0BD25448A30006E53AF /* Build configuration list for PBXNativeTarget "c3" */;
			buildPhases = (
				4949C0B525448A30006E53AF /* Sources */,
				4949C0B625448A30006E53AF /* Frameworks */,
				4949C0B725448A30006E53AF /* CopyFiles */,
			);
			buildRules = (
			);
			dependencies = (
			);
			name = c3;
			productName = c3;
			productReference = 4949C0B925448A30006E53AF /* c3 */;
			productType = "com.apple.product-type.tool";
		};
		4949C0D62550A59C006E53AF /* c5 */ = {
			isa = PBXNativeTarget;
			buildConfigurationList = 4949C0DD2550A59C006E53AF /* Build configuration list for PBXNativeTarget "c5" */;
			buildPhases = (
				4949C0D32550A59C006E53AF /* Sources */,
				4949C0D42550A59C006E53AF /* Frameworks */,
				4949C0D52550A59C006E53AF /* CopyFiles */,
			);
			buildRules = (
			);
			dependencies = (
			);
			name = c5;
			productName = c5;
			productReference = 4949C0D72550A59C006E53AF /* c5 */;
			productType = "com.apple.product-type.tool";
		};
		4949C0E52550A629006E53AF /* c6 */ = {
			isa = PBXNativeTarget;
			buildConfigurationList = 4949C0EA2550A629006E53AF /* Build configuration list for PBXNativeTarget "c6" */;
			buildPhases = (
				4949C0E22550A629006E53AF /* Sources */,
				4949C0E32550A629006E53AF /* Frameworks */,
				4949C0E42550A629006E53AF /* CopyFiles */,
			);
			buildRules = (
			);
			dependencies = (
			);
			name = c6;
			productName = c6;
			productReference = 4949C0E62550A629006E53AF /* c6 */;
			productType = "com.apple.product-type.tool";
		};
		4949C0F92550A641006E53AF /* c4 */ = {
			isa = PBXNativeTarget;
			buildConfigurationList = 4949C0FE2550A641006E53AF /* Build configuration list for PBXNativeTarget "c4" */;
			buildPhases = (
				4949C0F62550A641006E53AF /* Sources */,
				4949C0F72550A641006E53AF /* Frameworks */,
				4949C0F82550A641006E53AF /* CopyFiles */,
			);
			buildRules = (
			);
			dependencies = (
			);
			name = c4;
			productName = c4;
			productReference = 4949C0FA2550A641006E53AF /* c4 */;
			productType = "com.apple.product-type.tool";
		};
/* End PBXNativeTarget section */

/* Begin PBXProject section */
		4949C0A2254489E9006E53AF /* Project object */ = {
			isa = PBXProject;
			attributes = {
				LastUpgradeCheck = 1200;
				TargetAttributes = {
					4949C0A9254489E9006E53AF = {
						CreatedOnToolsVersion = 12.0.1;
					};
					4949C0B825448A30006E53AF = {
						CreatedOnToolsVersion = 12.0.1;
					};
					4949C0D62550A59C006E53AF = {
						CreatedOnToolsVersion = 12.0.1;
					};
					4949C0E52550A629006E53AF = {
						CreatedOnToolsVersion = 12.0.1;
					};
					4949C0F92550A641006E53AF = {
						CreatedOnToolsVersion = 12.0.1;
					};
				};
			};
			buildConfigurationList = 4949C0A5254489E9006E53AF /* Build configuration list for PBXProject "cppSolutions" */;
			compatibilityVersion = "Xcode 9.3";
			developmentRegion = en;
			hasScannedForEncodings = 0;
			knownRegions = (
				en,
				Base,
			);
			mainGroup = 4949C0A1254489E9006E53AF;
			productRefGroup = 4949C0AB254489EA006E53AF /* Products */;
			projectDirPath = "";
			projectRoot = "";
			targets = (
				4949C0A9254489E9006E53AF /* cppSolutions */,
				4949C0B825448A30006E53AF /* c3 */,
				4949C0D62550A59C006E53AF /* c5 */,
				4949C0E52550A629006E53AF /* c6 */,
				4949C0F92550A641006E53AF /* c4 */,
			);
		};
/* End PBXProject section */

/* Begin PBXSourcesBuildPhase section */
		4949C0A6254489E9006E53AF /* Sources */ = {
			isa = PBXSourcesBuildPhase;
			buildActionMask = 2147483647;
			files = (
				4949C0AE254489EA006E53AF /* main.cpp in Sources */,
			);
			runOnlyForDeploymentPostprocessing = 0;
		};
		4949C0B525448A30006E53AF /* Sources */ = {
			isa = PBXSourcesBuildPhase;
			buildActionMask = 2147483647;
			files = (
				4949C0BC25448A30006E53AF /* main.cpp in Sources */,
			);
			runOnlyForDeploymentPostprocessing = 0;
		};
		4949C0D32550A59C006E53AF /* Sources */ = {
			isa = PBXSourcesBuildPhase;
			buildActionMask = 2147483647;
			files = (
				4949C0DA2550A59C006E53AF /* main.cpp in Sources */,
			);
			runOnlyForDeploymentPostprocessing = 0;
		};
		4949C0E22550A629006E53AF /* Sources */ = {
			isa = PBXSourcesBuildPhase;
			buildActionMask = 2147483647;
			files = (
				4949C0E92550A629006E53AF /* main.cpp in Sources */,
			);
			runOnlyForDeploymentPostprocessing = 0;
		};
		4949C0F62550A641006E53AF /* Sources */ = {
			isa = PBXSourcesBuildPhase;
			buildActionMask = 2147483647;
			files = (
				4949C0FD2550A641006E53AF /* main.cpp in Sources */,
			);
			runOnlyForDeploymentPostprocessing = 0;
		};
/* End PBXSourcesBuildPhase section */

/* Begin XCBuildConfiguration section */
		4949C0AF254489EA006E53AF /* Debug */ = {
			isa = XCBuildConfiguration;
			buildSettings = {
				ALWAYS_SEARCH_USER_PATHS = NO;
				CLANG_ANALYZER_NONNULL = YES;
				CLANG_ANALYZER_NUMBER_OBJECT_CONVERSION = YES_AGGRESSIVE;
				CLANG_CXX_LANGUAGE_STANDARD = "gnu++14";
				CLANG_CXX_LIBRARY = "libc++";
				CLANG_ENABLE_MODULES = YES;
				CLANG_ENABLE_OBJC_ARC = YES;
				CLANG_ENABLE_OBJC_WEAK = YES;
				CLANG_WARN_BLOCK_CAPTURE_AUTORELEASING = YES;
				CLANG_WARN_BOOL_CONVERSION = YES;
				CLANG_WARN_COMMA = YES;
				CLANG_WARN_CONSTANT_CONVERSION = YES;
				CLANG_WARN_DEPRECATED_OBJC_IMPLEMENTATIONS = YES;
				CLANG_WARN_DIRECT_OBJC_ISA_USAGE = YES_ERROR;
				CLANG_WARN_DOCUMENTATION_COMMENTS = YES;
				CLANG_WARN_EMPTY_BODY = YES;
				CLANG_WARN_ENUM_CONVERSION = YES;
				CLANG_WARN_INFINITE_RECURSION = YES;
				CLANG_WARN_INT_CONVERSION = YES;
				CLANG_WARN_NON_LITERAL_NULL_CONVERSION = YES;
				CLANG_WARN_OBJC_IMPLICIT_RETAIN_SELF = YES;
				CLANG_WARN_OBJC_LITERAL_CONVERSION = YES;
				CLANG_WARN_OBJC_ROOT_CLASS = YES_ERROR;
				CLANG_WARN_QUOTED_INCLUDE_IN_FRAMEWORK_HEADER = YES;
				CLANG_WARN_RANGE_LOOP_ANALYSIS = YES;
				CLANG_WARN_STRICT_PROTOTYPES = YES;
				CLANG_WARN_SUSPICIOUS_MOVE = YES;
				CLANG_WARN_UNGUARDED_AVAILABILITY = YES_AGGRESSIVE;
				CLANG_WARN_UNREACHABLE_CODE = YES;
				CLANG_WARN__DUPLICATE_METHOD_MATCH = YES;
				COPY_PHASE_STRIP = NO;
				DEBUG_INFORMATION_FORMAT = dwarf;
				ENABLE_STRICT_OBJC_MSGSEND = YES;
				ENABLE_TESTABILITY = YES;
				GCC_C_LANGUAGE_STANDARD = gnu11;
				GCC_DYNAMIC_NO_PIC = NO;
				GCC_NO_COMMON_BLOCKS = YES;
				GCC_OPTIMIZATION_LEVEL = 0;
				GCC_PREPROCESSOR_DEFINITIONS = (
					"DEBUG=1",
					"$(inherited)",
				);
				GCC_WARN_64_TO_32_BIT_CONVERSION = YES;
				GCC_WARN_ABOUT_RETURN_TYPE = YES_ERROR;
				GCC_WARN_UNDECLARED_SELECTOR = YES;
				GCC_WARN_UNINITIALIZED_AUTOS = YES_AGGRESSIVE;
				GCC_WARN_UNUSED_FUNCTION = YES;
				GCC_WARN_UNUSED_VARIABLE = YES;
				MACOSX_DEPLOYMENT_TARGET = 10.15;
				MTL_ENABLE_DEBUG_INFO = INCLUDE_SOURCE;
				MTL_FAST_MATH = YES;
				ONLY_ACTIVE_ARCH = YES;
				SDKROOT = macosx;
			};
			name = Debug;
		};
		4949C0B0254489EA006E53AF /* Release */ = {
			isa = XCBuildConfiguration;
			buildSettings = {
				ALWAYS_SEARCH_USER_PATHS = NO;
				CLANG_ANALYZER_NONNULL = YES;
				CLANG_ANALYZER_NUMBER_OBJECT_CONVERSION = YES_AGGRESSIVE;
				CLANG_CXX_LANGUAGE_STANDARD = "gnu++14";
				CLANG_CXX_LIBRARY = "libc++";
				CLANG_ENABLE_MODULES = YES;
				CLANG_ENABLE_OBJC_ARC = YES;
				CLANG_ENABLE_OBJC_WEAK = YES;
				CLANG_WARN_BLOCK_CAPTURE_AUTORELEASING = YES;
				CLANG_WARN_BOOL_CONVERSION = YES;
				CLANG_WARN_COMMA = YES;
				CLANG_WARN_CONSTANT_CONVERSION = YES;
				CLANG_WARN_DEPRECATED_OBJC_IMPLEMENTATIONS = YES;
				CLANG_WARN_DIRECT_OBJC_ISA_USAGE = YES_ERROR;
				CLANG_WARN_DOCUMENTATION_COMMENTS = YES;
				CLANG_WARN_EMPTY_BODY = YES;
				CLANG_WARN_ENUM_CONVERSION = YES;
				CLANG_WARN_INFINITE_RECURSION = YES;
				CLANG_WARN_INT_CONVERSION = YES;
				CLANG_WARN_NON_LITERAL_NULL_CONVERSION = YES;
				CLANG_WARN_OBJC_IMPLICIT_RETAIN_SELF = YES;
				CLANG_WARN_OBJC_LITERAL_CONVERSION = YES;
				CLANG_WARN_OBJC_ROOT_CLASS = YES_ERROR;
				CLANG_WARN_QUOTED_INCLUDE_IN_FRAMEWORK_HEADER = YES;
				CLANG_WARN_RANGE_LOOP_ANALYSIS = YES;
				CLANG_WARN_STRICT_PROTOTYPES = YES;
				CLANG_WARN_SUSPICIOUS_MOVE = YES;
				CLANG_WARN_UNGUARDED_AVAILABILITY = YES_AGGRESSIVE;
				CLANG_WARN_UNREACHABLE_CODE = YES;
				CLANG_WARN__DUPLICATE_METHOD_MATCH = YES;
				COPY_PHASE_STRIP = NO;
				DEBUG_INFORMATION_FORMAT = "dwarf-with-dsym";
				ENABLE_NS_ASSERTIONS = NO;
				ENABLE_STRICT_OBJC_MSGSEND = YES;
				GCC_C_LANGUAGE_STANDARD = gnu11;
				GCC_NO_COMMON_BLOCKS = YES;
				GCC_WARN_64_TO_32_BIT_CONVERSION = YES;
				GCC_WARN_ABOUT_RETURN_TYPE = YES_ERROR;
				GCC_WARN_UNDECLARED_SELECTOR = YES;
				GCC_WARN_UNINITIALIZED_AUTOS = YES_AGGRESSIVE;
				GCC_WARN_UNUSED_FUNCTION = YES;
				GCC_WARN_UNUSED_VARIABLE = YES;
				MACOSX_DEPLOYMENT_TARGET = 10.15;
				MTL_ENABLE_DEBUG_INFO = NO;
				MTL_FAST_MATH = YES;
				SDKROOT = macosx;
			};
			name = Release;
		};
		4949C0B2254489EA006E53AF /* Debug */ = {
			isa = XCBuildConfiguration;
			buildSettings = {
				CODE_SIGN_STYLE = Automatic;
				DEVELOPMENT_TEAM = XNWZTZ33UW;
				ENABLE_HARDENED_RUNTIME = YES;
				PRODUCT_NAME = "$(TARGET_NAME)";
			};
			name = Debug;
		};
		4949C0B3254489EA006E53AF /* Release */ = {
			isa = XCBuildConfiguration;
			buildSettings = {
				CODE_SIGN_STYLE = Automatic;
				DEVELOPMENT_TEAM = XNWZTZ33UW;
				ENABLE_HARDENED_RUNTIME = YES;
				PRODUCT_NAME = "$(TARGET_NAME)";
			};
			name = Release;
		};
		4949C0BE25448A30006E53AF /* Debug */ = {
			isa = XCBuildConfiguration;
			buildSettings = {
				CODE_SIGN_STYLE = Automatic;
				DEVELOPMENT_TEAM = XNWZTZ33UW;
				ENABLE_HARDENED_RUNTIME = YES;
				PRODUCT_NAME = "$(TARGET_NAME)";
			};
			name = Debug;
		};
		4949C0BF25448A30006E53AF /* Release */ = {
			isa = XCBuildConfiguration;
			buildSettings = {
				CODE_SIGN_STYLE = Automatic;
				DEVELOPMENT_TEAM = XNWZTZ33UW;
				ENABLE_HARDENED_RUNTIME = YES;
				PRODUCT_NAME = "$(TARGET_NAME)";
			};
			name = Release;
		};
		4949C0DB2550A59C006E53AF /* Debug */ = {
			isa = XCBuildConfiguration;
			buildSettings = {
				CODE_SIGN_STYLE = Automatic;
				DEVELOPMENT_TEAM = XNWZTZ33UW;
				ENABLE_HARDENED_RUNTIME = YES;
				PRODUCT_NAME = "$(TARGET_NAME)";
			};
			name = Debug;
		};
		4949C0DC2550A59C006E53AF /* Release */ = {
			isa = XCBuildConfiguration;
			buildSettings = {
				CODE_SIGN_STYLE = Automatic;
				DEVELOPMENT_TEAM = XNWZTZ33UW;
				ENABLE_HARDENED_RUNTIME = YES;
				PRODUCT_NAME = "$(TARGET_NAME)";
			};
			name = Release;
		};
		4949C0EB2550A629006E53AF /* Debug */ = {
			isa = XCBuildConfiguration;
			buildSettings = {
				CODE_SIGN_STYLE = Automatic;
				DEVELOPMENT_TEAM = XNWZTZ33UW;
				ENABLE_HARDENED_RUNTIME = YES;
				PRODUCT_NAME = "$(TARGET_NAME)";
			};
			name = Debug;
		};
		4949C0EC2550A629006E53AF /* Release */ = {
			isa = XCBuildConfiguration;
			buildSettings = {
				CODE_SIGN_STYLE = Automatic;
				DEVELOPMENT_TEAM = XNWZTZ33UW;
				ENABLE_HARDENED_RUNTIME = YES;
				PRODUCT_NAME = "$(TARGET_NAME)";
			};
			name = Release;
		};
		4949C0FF2550A641006E53AF /* Debug */ = {
			isa = XCBuildConfiguration;
			buildSettings = {
				CODE_SIGN_STYLE = Automatic;
				DEVELOPMENT_TEAM = XNWZTZ33UW;
				ENABLE_HARDENED_RUNTIME = YES;
				PRODUCT_NAME = "$(TARGET_NAME)";
			};
			name = Debug;
		};
		4949C1002550A641006E53AF /* Release */ = {
			isa = XCBuildConfiguration;
			buildSettings = {
				CODE_SIGN_STYLE = Automatic;
				DEVELOPMENT_TEAM = XNWZTZ33UW;
				ENABLE_HARDENED_RUNTIME = YES;
				PRODUCT_NAME = "$(TARGET_NAME)";
			};
			name = Release;
		};
/* End XCBuildConfiguration section */

/* Begin XCConfigurationList section */
		4949C0A5254489E9006E53AF /* Build configuration list for PBXProject "cppSolutions" */ = {
			isa = XCConfigurationList;
			buildConfigurations = (
				4949C0AF254489EA006E53AF /* Debug */,
				4949C0B0254489EA006E53AF /* Release */,
			);
			defaultConfigurationIsVisible = 0;
			defaultConfigurationName = Release;
		};
		4949C0B1254489EA006E53AF /* Build configuration list for PBXNativeTarget "cppSolutions" */ = {
			isa = XCConfigurationList;
			buildConfigurations = (
				4949C0B2254489EA006E53AF /* Debug */,
				4949C0B3254489EA006E53AF /* Release */,
			);
			defaultConfigurationIsVisible = 0;
			defaultConfigurationName = Release;
		};
		4949C0BD25448A30006E53AF /* Build configuration list for PBXNativeTarget "c3" */ = {
			isa = XCConfigurationList;
			buildConfigurations = (
				4949C0BE25448A30006E53AF /* Debug */,
				4949C0BF25448A30006E53AF /* Release */,
			);
			defaultConfigurationIsVisible = 0;
			defaultConfigurationName = Release;
		};
		4949C0DD2550A59C006E53AF /* Build configuration list for PBXNativeTarget "c5" */ = {
			isa = XCConfigurationList;
			buildConfigurations = (
				4949C0DB2550A59C006E53AF /* Debug */,
				4949C0DC2550A59C006E53AF /* Release */,
			);
			defaultConfigurationIsVisible = 0;
			defaultConfigurationName = Release;
		};
		4949C0EA2550A629006E53AF /* Build configuration list for PBXNativeTarget "c6" */ = {
			isa = XCConfigurationList;
			buildConfigurations = (
				4949C0EB2550A629006E53AF /* Debug */,
				4949C0EC2550A629006E53AF /* Release */,
			);
			defaultConfigurationIsVisible = 0;
			defaultConfigurationName = Release;
		};
		4949C0FE2550A641006E53AF /* Build configuration list for PBXNativeTarget "c4" */ = {
			isa = XCConfigurationList;
			buildConfigurations = (
				4949C0FF2550A641006E53AF /* Debug */,
				4949C1002550A641006E53AF /* Release */,
			);
			defaultConfigurationIsVisible = 0;
			defaultConfigurationName = Release;
		};
/* End XCConfigurationList section */
	};
	rootObject = 4949C0A2254489E9006E53AF /* Project object */;
}
